
Microsoft Visual Studio Solution File, Format Version 12.00
# Visual Studio 15
VisualStudioVersion = 15.0.28307.1209
MinimumVisualStudioVersion = 10.0.40219.1
Project("{FAE04EC0-301F-11D3-BF4B-00C04F79EFBC}") = "testApp", "testApp\testApp.csproj", "{23871AC1-60B8-43F3-B0EA-4A25F82A6B84}"
EndProject
Global
	GlobalSection(SolutionConfigurationPlatforms) = preSolution
		Debug|Any CPU = Debug|Any CPU
		Release|Any CPU = Release|Any CPU
	EndGlobalSection
	GlobalSection(ProjectConfigurationPlatforms) = postSolution
		{23871AC1-60B8-43F3-B0EA-4A25F82A6B84}.Debug|Any CPU.ActiveCfg = Debug|Any CPU
		{23871AC1-60B8-43F3-B0EA-4A25F82A6B84}.Debug|Any CPU.Build.0 = Debug|Any CPU
		{23871AC1-60B8-43F3-B0EA-4A25F82A6B84}.Release|Any CPU.ActiveCfg = Release|Any CPU
		{23871AC1-60B8-43F3-B0EA-4A25F82A6B84}.Release|Any CPU.Build.0 = Release|Any CPU
	EndGlobalSection
	GlobalSection(SolutionProperties) = preSolution
		HideSolutionNode = FALSE
	EndGlobalSection
	GlobalSection(ExtensibilityGlobals) = postSolution
		SolutionGuid = {5D190158-C27D-4B4E-978F-E4181892F345}
	EndGlobalSection
EndGlobal
